
Microsoft Visual Studio Solution File, Format Version 12.00
# Visual Studio Version 16
VisualStudioVersion = 16.0.30711.63
MinimumVisualStudioVersion = 10.0.40219.1
Project("{FAE04EC0-301F-11D3-BF4B-00C04F79EFBC}") = "GCIOWebFormApp", "GCIOWebFormApp.csproj", "{F8AE3004-7718-4FB2-9AB5-C948F397ED33}"
EndProject
Project("{2150E333-8FDC-42A3-9474-1A3956D46DE8}") = "DataLauer", "DataLauer", "{08D8312B-7B10-4471-BFF1-22C5B42A5E3B}"
EndProject
Project("{2150E333-8FDC-42A3-9474-1A3956D46DE8}") = "Sevices", "Sevices", "{22C72AC1-5E2C-439F-8C6A-AAD55856FD13}"
EndProject
Project("{2150E333-8FDC-42A3-9474-1A3956D46DE8}") = "Data", "Data", "{0F6E3C29-682D-4B16-BA01-074B8B52C484}"
EndProject
Project("{FAE04EC0-301F-11D3-BF4B-00C04F79EFBC}") = "DataLayer.Context", "..\..\DataLayer\src\DataLayer.Context\DataLayer.Context.csproj", "{8478F05C-C564-4E42-A87F-830FE8FFFECC}"
EndProject
Project("{FAE04EC0-301F-11D3-BF4B-00C04F79EFBC}") = "DataLayer.Entities", "..\..\DataLayer\src\DataLayer.Entities\DataLayer.Entities.csproj", "{A571726A-ED81-4D9D-87C5-D010AE43B778}"
EndProject
Project("{FAE04EC0-301F-11D3-BF4B-00C04F79EFBC}") = "DataLayer.Repositories", "..\..\DataLayer\src\DataLayer.Repositories\DataLayer.Repositories.csproj", "{02659372-41D4-4BD9-BDBE-E6A4FE96F668}"
EndProject
Project("{FAE04EC0-301F-11D3-BF4B-00C04F79EFBC}") = "DataLayer.Maps", "..\..\DataLayer\src\DataLayer.Maps\DataLayer.Maps.csproj", "{AB550D5E-56FF-40CC-8A5F-55CC539D127F}"
EndProject
Project("{FAE04EC0-301F-11D3-BF4B-00C04F79EFBC}") = "DataLayer.Service.Interfaces", "..\..\DataLayer\src\DataLayer.Service.Interfaces\DataLayer.Service.Interfaces.csproj", "{89D01DB0-51CF-4088-8BCB-754590E448FE}"
EndProject
Project("{FAE04EC0-301F-11D3-BF4B-00C04F79EFBC}") = "DataLayer.Service.Models", "..\..\DataLayer\src\DataLayer.Service.Models\DataLayer.Service.Models.csproj", "{4E787B5D-D69C-4AB6-AB28-47CC2B848247}"
EndProject
Project("{FAE04EC0-301F-11D3-BF4B-00C04F79EFBC}") = "DataLayer.Service", "..\..\DataLayer\src\DataLayer.Service\DataLayer.Service.csproj", "{EC6682AB-A31A-46F8-95BD-503F5F3175DE}"
EndProject
Project("{2150E333-8FDC-42A3-9474-1A3956D46DE8}") = "BusinessLayer", "BusinessLayer", "{327ED45C-A753-441A-90CE-C39C76099FD3}"
EndProject
Project("{FAE04EC0-301F-11D3-BF4B-00C04F79EFBC}") = "BusinessLayer.Interfaces", "..\..\BusinessLayer\src\BusinessLayer.Interfaces\BusinessLayer.Interfaces.csproj", "{25DE992F-2C18-45D3-878F-997518C71C5D}"
EndProject
Project("{FAE04EC0-301F-11D3-BF4B-00C04F79EFBC}") = "BusinessLayer.Models", "..\..\BusinessLayer\src\BusinessLayer.Models\BusinessLayer.Models.csproj", "{1F1DA47F-F2C0-4130-9FCB-59565DA42C6C}"
EndProject
Project("{FAE04EC0-301F-11D3-BF4B-00C04F79EFBC}") = "BusinessLayer.Service", "..\..\BusinessLayer\src\BusinessLayer.Service\BusinessLayer.Service.csproj", "{DAF24AFB-21CB-4403-9CE4-EF9A07F8B874}"
EndProject
Global
	GlobalSection(SolutionConfigurationPlatforms) = preSolution
		Debug|Any CPU = Debug|Any CPU
		Release|Any CPU = Release|Any CPU
	EndGlobalSection
	GlobalSection(ProjectConfigurationPlatforms) = postSolution
		{F8AE3004-7718-4FB2-9AB5-C948F397ED33}.Debug|Any CPU.ActiveCfg = Debug|Any CPU
		{F8AE3004-7718-4FB2-9AB5-C948F397ED33}.Debug|Any CPU.Build.0 = Debug|Any CPU
		{F8AE3004-7718-4FB2-9AB5-C948F397ED33}.Release|Any CPU.ActiveCfg = Release|Any CPU
		{F8AE3004-7718-4FB2-9AB5-C948F397ED33}.Release|Any CPU.Build.0 = Release|Any CPU
		{8478F05C-C564-4E42-A87F-830FE8FFFECC}.Debug|Any CPU.ActiveCfg = Debug|Any CPU
		{8478F05C-C564-4E42-A87F-830FE8FFFECC}.Debug|Any CPU.Build.0 = Debug|Any CPU
		{8478F05C-C564-4E42-A87F-830FE8FFFECC}.Release|Any CPU.ActiveCfg = Release|Any CPU
		{8478F05C-C564-4E42-A87F-830FE8FFFECC}.Release|Any CPU.Build.0 = Release|Any CPU
		{A571726A-ED81-4D9D-87C5-D010AE43B778}.Debug|Any CPU.ActiveCfg = Debug|Any CPU
		{A571726A-ED81-4D9D-87C5-D010AE43B778}.Debug|Any CPU.Build.0 = Debug|Any CPU
		{A571726A-ED81-4D9D-87C5-D010AE43B778}.Release|Any CPU.ActiveCfg = Release|Any CPU
		{A571726A-ED81-4D9D-87C5-D010AE43B778}.Release|Any CPU.Build.0 = Release|Any CPU
		{02659372-41D4-4BD9-BDBE-E6A4FE96F668}.Debug|Any CPU.ActiveCfg = Debug|Any CPU
		{02659372-41D4-4BD9-BDBE-E6A4FE96F668}.Debug|Any CPU.Build.0 = Debug|Any CPU
		{02659372-41D4-4BD9-BDBE-E6A4FE96F668}.Release|Any CPU.ActiveCfg = Release|Any CPU
		{02659372-41D4-4BD9-BDBE-E6A4FE96F668}.Release|Any CPU.Build.0 = Release|Any CPU
		{AB550D5E-56FF-40CC-8A5F-55CC539D127F}.Debug|Any CPU.ActiveCfg = Debug|Any CPU
		{AB550D5E-56FF-40CC-8A5F-55CC539D127F}.Debug|Any CPU.Build.0 = Debug|Any CPU
		{AB550D5E-56FF-40CC-8A5F-55CC539D127F}.Release|Any CPU.ActiveCfg = Release|Any CPU
		{AB550D5E-56FF-40CC-8A5F-55CC539D127F}.Release|Any CPU.Build.0 = Release|Any CPU
		{89D01DB0-51CF-4088-8BCB-754590E448FE}.Debug|Any CPU.ActiveCfg = Debug|Any CPU
		{89D01DB0-51CF-4088-8BCB-754590E448FE}.Debug|Any CPU.Build.0 = Debug|Any CPU
		{89D01DB0-51CF-4088-8BCB-754590E448FE}.Release|Any CPU.ActiveCfg = Release|Any CPU
		{89D01DB0-51CF-4088-8BCB-754590E448FE}.Release|Any CPU.Build.0 = Release|Any CPU
		{4E787B5D-D69C-4AB6-AB28-47CC2B848247}.Debug|Any CPU.ActiveCfg = Debug|Any CPU
		{4E787B5D-D69C-4AB6-AB28-47CC2B848247}.Debug|Any CPU.Build.0 = Debug|Any CPU
		{4E787B5D-D69C-4AB6-AB28-47CC2B848247}.Release|Any CPU.ActiveCfg = Release|Any CPU
		{4E787B5D-D69C-4AB6-AB28-47CC2B848247}.Release|Any CPU.Build.0 = Release|Any CPU
		{EC6682AB-A31A-46F8-95BD-503F5F3175DE}.Debug|Any CPU.ActiveCfg = Debug|Any CPU
		{EC6682AB-A31A-46F8-95BD-503F5F3175DE}.Debug|Any CPU.Build.0 = Debug|Any CPU
		{EC6682AB-A31A-46F8-95BD-503F5F3175DE}.Release|Any CPU.ActiveCfg = Release|Any CPU
		{EC6682AB-A31A-46F8-95BD-503F5F3175DE}.Release|Any CPU.Build.0 = Release|Any CPU
		{25DE992F-2C18-45D3-878F-997518C71C5D}.Debug|Any CPU.ActiveCfg = Debug|Any CPU
		{25DE992F-2C18-45D3-878F-997518C71C5D}.Debug|Any CPU.Build.0 = Debug|Any CPU
		{25DE992F-2C18-45D3-878F-997518C71C5D}.Release|Any CPU.ActiveCfg = Release|Any CPU
		{25DE992F-2C18-45D3-878F-997518C71C5D}.Release|Any CPU.Build.0 = Release|Any CPU
		{1F1DA47F-F2C0-4130-9FCB-59565DA42C6C}.Debug|Any CPU.ActiveCfg = Debug|Any CPU
		{1F1DA47F-F2C0-4130-9FCB-59565DA42C6C}.Debug|Any CPU.Build.0 = Debug|Any CPU
		{1F1DA47F-F2C0-4130-9FCB-59565DA42C6C}.Release|Any CPU.ActiveCfg = Release|Any CPU
		{1F1DA47F-F2C0-4130-9FCB-59565DA42C6C}.Release|Any CPU.Build.0 = Release|Any CPU
		{DAF24AFB-21CB-4403-9CE4-EF9A07F8B874}.Debug|Any CPU.ActiveCfg = Debug|Any CPU
		{DAF24AFB-21CB-4403-9CE4-EF9A07F8B874}.Debug|Any CPU.Build.0 = Debug|Any CPU
		{DAF24AFB-21CB-4403-9CE4-EF9A07F8B874}.Release|Any CPU.ActiveCfg = Release|Any CPU
		{DAF24AFB-21CB-4403-9CE4-EF9A07F8B874}.Release|Any CPU.Build.0 = Release|Any CPU
	EndGlobalSection
	GlobalSection(SolutionProperties) = preSolution
		HideSolutionNode = FALSE
	EndGlobalSection
	GlobalSection(NestedProjects) = preSolution
		{22C72AC1-5E2C-439F-8C6A-AAD55856FD13} = {08D8312B-7B10-4471-BFF1-22C5B42A5E3B}
		{0F6E3C29-682D-4B16-BA01-074B8B52C484} = {08D8312B-7B10-4471-BFF1-22C5B42A5E3B}
		{8478F05C-C564-4E42-A87F-830FE8FFFECC} = {0F6E3C29-682D-4B16-BA01-074B8B52C484}
		{A571726A-ED81-4D9D-87C5-D010AE43B778} = {0F6E3C29-682D-4B16-BA01-074B8B52C484}
		{02659372-41D4-4BD9-BDBE-E6A4FE96F668} = {0F6E3C29-682D-4B16-BA01-074B8B52C484}
		{AB550D5E-56FF-40CC-8A5F-55CC539D127F} = {0F6E3C29-682D-4B16-BA01-074B8B52C484}
		{89D01DB0-51CF-4088-8BCB-754590E448FE} = {22C72AC1-5E2C-439F-8C6A-AAD55856FD13}
		{4E787B5D-D69C-4AB6-AB28-47CC2B848247} = {22C72AC1-5E2C-439F-8C6A-AAD55856FD13}
		{EC6682AB-A31A-46F8-95BD-503F5F3175DE} = {22C72AC1-5E2C-439F-8C6A-AAD55856FD13}
		{25DE992F-2C18-45D3-878F-997518C71C5D} = {327ED45C-A753-441A-90CE-C39C76099FD3}
		{1F1DA47F-F2C0-4130-9FCB-59565DA42C6C} = {327ED45C-A753-441A-90CE-C39C76099FD3}
		{DAF24AFB-21CB-4403-9CE4-EF9A07F8B874} = {327ED45C-A753-441A-90CE-C39C76099FD3}
	EndGlobalSection
	GlobalSection(ExtensibilityGlobals) = postSolution
		SolutionGuid = {B07BD300-64D9-40D4-A6B1-096F91BCAEDC}
	EndGlobalSection
EndGlobal
